
Microsoft Visual Studio Solution File, Format Version 12.00
# Visual Studio Version 16
VisualStudioVersion = 16.0.30114.105
MinimumVisualStudioVersion = 10.0.40219.1
Project("{FAE04EC0-301F-11D3-BF4B-00C04F79EFBC}") = "SudokuSolver", "SudokuSolver\SudokuSolver.csproj", "{09844A43-D187-4941-A332-63621BD6D334}"
EndProject
Project("{FAE04EC0-301F-11D3-BF4B-00C04F79EFBC}") = "Common", "Common\Common.csproj", "{BBB6B211-0519-4FFA-8959-F0099727B312}"
EndProject
Project("{FAE04EC0-301F-11D3-BF4B-00C04F79EFBC}") = "DebugRunner", "DebugRunner\DebugRunner.csproj", "{24970BF3-51CD-4F82-8783-39BE5E449421}"
EndProject
Global
	GlobalSection(SolutionConfigurationPlatforms) = preSolution
		Debug|Any CPU = Debug|Any CPU
		Release|Any CPU = Release|Any CPU
	EndGlobalSection
	GlobalSection(SolutionProperties) = preSolution
		HideSolutionNode = FALSE
	EndGlobalSection
	GlobalSection(ProjectConfigurationPlatforms) = postSolution
		{09844A43-D187-4941-A332-63621BD6D334}.Debug|Any CPU.ActiveCfg = Debug|Any CPU
		{09844A43-D187-4941-A332-63621BD6D334}.Debug|Any CPU.Build.0 = Debug|Any CPU
		{09844A43-D187-4941-A332-63621BD6D334}.Release|Any CPU.ActiveCfg = Release|Any CPU
		{09844A43-D187-4941-A332-63621BD6D334}.Release|Any CPU.Build.0 = Release|Any CPU
		{BBB6B211-0519-4FFA-8959-F0099727B312}.Debug|Any CPU.ActiveCfg = Debug|Any CPU
		{BBB6B211-0519-4FFA-8959-F0099727B312}.Debug|Any CPU.Build.0 = Debug|Any CPU
		{BBB6B211-0519-4FFA-8959-F0099727B312}.Release|Any CPU.ActiveCfg = Release|Any CPU
		{BBB6B211-0519-4FFA-8959-F0099727B312}.Release|Any CPU.Build.0 = Release|Any CPU
		{24970BF3-51CD-4F82-8783-39BE5E449421}.Debug|Any CPU.ActiveCfg = Debug|Any CPU
		{24970BF3-51CD-4F82-8783-39BE5E449421}.Debug|Any CPU.Build.0 = Debug|Any CPU
		{24970BF3-51CD-4F82-8783-39BE5E449421}.Release|Any CPU.ActiveCfg = Release|Any CPU
		{24970BF3-51CD-4F82-8783-39BE5E449421}.Release|Any CPU.Build.0 = Release|Any CPU
	EndGlobalSection
EndGlobal
